
Microsoft Visual Studio Solution File, Format Version 12.00
# Visual Studio Version 17
VisualStudioVersion = 17.3.32929.385
MinimumVisualStudioVersion = 10.0.40219.1
Project("{FAE04EC0-301F-11D3-BF4B-00C04F79EFBC}") = "Week-enum", "Week-enum\Week-enum.csproj", "{37BA8E34-57F3-4082-92C6-D0343BE72C04}"
EndProject
Global
	GlobalSection(SolutionConfigurationPlatforms) = preSolution
		Debug|Any CPU = Debug|Any CPU
		Release|Any CPU = Release|Any CPU
	EndGlobalSection
	GlobalSection(ProjectConfigurationPlatforms) = postSolution
		{37BA8E34-57F3-4082-92C6-D0343BE72C04}.Debug|Any CPU.ActiveCfg = Debug|Any CPU
		{37BA8E34-57F3-4082-92C6-D0343BE72C04}.Debug|Any CPU.Build.0 = Debug|Any CPU
		{37BA8E34-57F3-4082-92C6-D0343BE72C04}.Release|Any CPU.ActiveCfg = Release|Any CPU
		{37BA8E34-57F3-4082-92C6-D0343BE72C04}.Release|Any CPU.Build.0 = Release|Any CPU
	EndGlobalSection
	GlobalSection(SolutionProperties) = preSolution
		HideSolutionNode = FALSE
	EndGlobalSection
	GlobalSection(ExtensibilityGlobals) = postSolution
		SolutionGuid = {E5B19F3E-ADA8-4543-B9C3-00878DC54341}
	EndGlobalSection
EndGlobal
